
Microsoft Visual Studio Solution File, Format Version 12.00
# Visual Studio 15
VisualStudioVersion = 15.0.28010.2046
MinimumVisualStudioVersion = 10.0.40219.1
Project("{FAE04EC0-301F-11D3-BF4B-00C04F79EFBC}") = "HW1.Android", "HW1\HW1.Android\HW1.Android.csproj", "{49D22137-0F27-4979-B1A4-BC7766D6E1DC}"
EndProject
Project("{FAE04EC0-301F-11D3-BF4B-00C04F79EFBC}") = "HW1.iOS", "HW1\HW1.iOS\HW1.iOS.csproj", "{1411CF03-7636-464A-8920-38E2216FFE27}"
EndProject
Project("{FAE04EC0-301F-11D3-BF4B-00C04F79EFBC}") = "HW1.UWP", "HW1\HW1.UWP\HW1.UWP.csproj", "{0C523734-A304-4227-9889-1585C84E7A53}"
EndProject
Project("{FAE04EC0-301F-11D3-BF4B-00C04F79EFBC}") = "HW1", "HW1\HW1\HW1.csproj", "{A1CB7ECD-474A-4D9C-90FB-2C6C57478165}"
EndProject
Global
	GlobalSection(SolutionConfigurationPlatforms) = preSolution
		Ad-Hoc|Any CPU = Ad-Hoc|Any CPU
		Ad-Hoc|ARM = Ad-Hoc|ARM
		Ad-Hoc|iPhone = Ad-Hoc|iPhone
		Ad-Hoc|iPhoneSimulator = Ad-Hoc|iPhoneSimulator
		Ad-Hoc|x64 = Ad-Hoc|x64
		Ad-Hoc|x86 = Ad-Hoc|x86
		AppStore|Any CPU = AppStore|Any CPU
		AppStore|ARM = AppStore|ARM
		AppStore|iPhone = AppStore|iPhone
		AppStore|iPhoneSimulator = AppStore|iPhoneSimulator
		AppStore|x64 = AppStore|x64
		AppStore|x86 = AppStore|x86
		Debug|Any CPU = Debug|Any CPU
		Debug|ARM = Debug|ARM
		Debug|iPhone = Debug|iPhone
		Debug|iPhoneSimulator = Debug|iPhoneSimulator
		Debug|x64 = Debug|x64
		Debug|x86 = Debug|x86
		Release|Any CPU = Release|Any CPU
		Release|ARM = Release|ARM
		Release|iPhone = Release|iPhone
		Release|iPhoneSimulator = Release|iPhoneSimulator
		Release|x64 = Release|x64
		Release|x86 = Release|x86
	EndGlobalSection
	GlobalSection(ProjectConfigurationPlatforms) = postSolution
		{49D22137-0F27-4979-B1A4-BC7766D6E1DC}.Ad-Hoc|Any CPU.ActiveCfg = Release|Any CPU
		{49D22137-0F27-4979-B1A4-BC7766D6E1DC}.Ad-Hoc|Any CPU.Build.0 = Release|Any CPU
		{49D22137-0F27-4979-B1A4-BC7766D6E1DC}.Ad-Hoc|Any CPU.Deploy.0 = Release|Any CPU
		{49D22137-0F27-4979-B1A4-BC7766D6E1DC}.Ad-Hoc|ARM.ActiveCfg = Release|Any CPU
		{49D22137-0F27-4979-B1A4-BC7766D6E1DC}.Ad-Hoc|ARM.Build.0 = Release|Any CPU
		{49D22137-0F27-4979-B1A4-BC7766D6E1DC}.Ad-Hoc|ARM.Deploy.0 = Release|Any CPU
		{49D22137-0F27-4979-B1A4-BC7766D6E1DC}.Ad-Hoc|iPhone.ActiveCfg = Release|Any CPU
		{49D22137-0F27-4979-B1A4-BC7766D6E1DC}.Ad-Hoc|iPhone.Build.0 = Release|Any CPU
		{49D22137-0F27-4979-B1A4-BC7766D6E1DC}.Ad-Hoc|iPhone.Deploy.0 = Release|Any CPU
		{49D22137-0F27-4979-B1A4-BC7766D6E1DC}.Ad-Hoc|iPhoneSimulator.ActiveCfg = Release|Any CPU
		{49D22137-0F27-4979-B1A4-BC7766D6E1DC}.Ad-Hoc|iPhoneSimulator.Build.0 = Release|Any CPU
		{49D22137-0F27-4979-B1A4-BC7766D6E1DC}.Ad-Hoc|iPhoneSimulator.Deploy.0 = Release|Any CPU
		{49D22137-0F27-4979-B1A4-BC7766D6E1DC}.Ad-Hoc|x64.ActiveCfg = Release|Any CPU
		{49D22137-0F27-4979-B1A4-BC7766D6E1DC}.Ad-Hoc|x64.Build.0 = Release|Any CPU
		{49D22137-0F27-4979-B1A4-BC7766D6E1DC}.Ad-Hoc|x64.Deploy.0 = Release|Any CPU
		{49D22137-0F27-4979-B1A4-BC7766D6E1DC}.Ad-Hoc|x86.ActiveCfg = Release|Any CPU
		{49D22137-0F27-4979-B1A4-BC7766D6E1DC}.Ad-Hoc|x86.Build.0 = Release|Any CPU
		{49D22137-0F27-4979-B1A4-BC7766D6E1DC}.Ad-Hoc|x86.Deploy.0 = Release|Any CPU
		{49D22137-0F27-4979-B1A4-BC7766D6E1DC}.AppStore|Any CPU.ActiveCfg = Release|Any CPU
		{49D22137-0F27-4979-B1A4-BC7766D6E1DC}.AppStore|Any CPU.Build.0 = Release|Any CPU
		{49D22137-0F27-4979-B1A4-BC7766D6E1DC}.AppStore|Any CPU.Deploy.0 = Release|Any CPU
		{49D22137-0F27-4979-B1A4-BC7766D6E1DC}.AppStore|ARM.ActiveCfg = Release|Any CPU
		{49D22137-0F27-4979-B1A4-BC7766D6E1DC}.AppStore|ARM.Build.0 = Release|Any CPU
		{49D22137-0F27-4979-B1A4-BC7766D6E1DC}.AppStore|ARM.Deploy.0 = Release|Any CPU
		{49D22137-0F27-4979-B1A4-BC7766D6E1DC}.AppStore|iPhone.ActiveCfg = Release|Any CPU
		{49D22137-0F27-4979-B1A4-BC7766D6E1DC}.AppStore|iPhone.Build.0 = Release|Any CPU
		{49D22137-0F27-4979-B1A4-BC7766D6E1DC}.AppStore|iPhone.Deploy.0 = Release|Any CPU
		{49D22137-0F27-4979-B1A4-BC7766D6E1DC}.AppStore|iPhoneSimulator.ActiveCfg = Release|Any CPU
		{49D22137-0F27-4979-B1A4-BC7766D6E1DC}.AppStore|iPhoneSimulator.Build.0 = Release|Any CPU
		{49D22137-0F27-4979-B1A4-BC7766D6E1DC}.AppStore|iPhoneSimulator.Deploy.0 = Release|Any CPU
		{49D22137-0F27-4979-B1A4-BC7766D6E1DC}.AppStore|x64.ActiveCfg = Release|Any CPU
		{49D22137-0F27-4979-B1A4-BC7766D6E1DC}.AppStore|x64.Build.0 = Release|Any CPU
		{49D22137-0F27-4979-B1A4-BC7766D6E1DC}.AppStore|x64.Deploy.0 = Release|Any CPU
		{49D22137-0F27-4979-B1A4-BC7766D6E1DC}.AppStore|x86.ActiveCfg = Release|Any CPU
		{49D22137-0F27-4979-B1A4-BC7766D6E1DC}.AppStore|x86.Build.0 = Release|Any CPU
		{49D22137-0F27-4979-B1A4-BC7766D6E1DC}.AppStore|x86.Deploy.0 = Release|Any CPU
		{49D22137-0F27-4979-B1A4-BC7766D6E1DC}.Debug|Any CPU.ActiveCfg = Debug|Any CPU
		{49D22137-0F27-4979-B1A4-BC7766D6E1DC}.Debug|Any CPU.Build.0 = Debug|Any CPU
		{49D22137-0F27-4979-B1A4-BC7766D6E1DC}.Debug|Any CPU.Deploy.0 = Debug|Any CPU
		{49D22137-0F27-4979-B1A4-BC7766D6E1DC}.Debug|ARM.ActiveCfg = Debug|Any CPU
		{49D22137-0F27-4979-B1A4-BC7766D6E1DC}.Debug|ARM.Build.0 = Debug|Any CPU
		{49D22137-0F27-4979-B1A4-BC7766D6E1DC}.Debug|ARM.Deploy.0 = Debug|Any CPU
		{49D22137-0F27-4979-B1A4-BC7766D6E1DC}.Debug|iPhone.ActiveCfg = Debug|Any CPU
		{49D22137-0F27-4979-B1A4-BC7766D6E1DC}.Debug|iPhone.Build.0 = Debug|Any CPU
		{49D22137-0F27-4979-B1A4-BC7766D6E1DC}.Debug|iPhone.Deploy.0 = Debug|Any CPU
		{49D22137-0F27-4979-B1A4-BC7766D6E1DC}.Debug|iPhoneSimulator.ActiveCfg = Debug|Any CPU
		{49D22137-0F27-4979-B1A4-BC7766D6E1DC}.Debug|iPhoneSimulator.Build.0 = Debug|Any CPU
		{49D22137-0F27-4979-B1A4-BC7766D6E1DC}.Debug|iPhoneSimulator.Deploy.0 = Debug|Any CPU
		{49D22137-0F27-4979-B1A4-BC7766D6E1DC}.Debug|x64.ActiveCfg = Debug|Any CPU
		{49D22137-0F27-4979-B1A4-BC7766D6E1DC}.Debug|x64.Build.0 = Debug|Any CPU
		{49D22137-0F27-4979-B1A4-BC7766D6E1DC}.Debug|x64.Deploy.0 = Debug|Any CPU
		{49D22137-0F27-4979-B1A4-BC7766D6E1DC}.Debug|x86.ActiveCfg = Debug|Any CPU
		{49D22137-0F27-4979-B1A4-BC7766D6E1DC}.Debug|x86.Build.0 = Debug|Any CPU
		{49D22137-0F27-4979-B1A4-BC7766D6E1DC}.Debug|x86.Deploy.0 = Debug|Any CPU
		{49D22137-0F27-4979-B1A4-BC7766D6E1DC}.Release|Any CPU.ActiveCfg = Release|Any CPU
		{49D22137-0F27-4979-B1A4-BC7766D6E1DC}.Release|Any CPU.Build.0 = Release|Any CPU
		{49D22137-0F27-4979-B1A4-BC7766D6E1DC}.Release|Any CPU.Deploy.0 = Release|Any CPU
		{49D22137-0F27-4979-B1A4-BC7766D6E1DC}.Release|ARM.ActiveCfg = Release|Any CPU
		{49D22137-0F27-4979-B1A4-BC7766D6E1DC}.Release|ARM.Build.0 = Release|Any CPU
		{49D22137-0F27-4979-B1A4-BC7766D6E1DC}.Release|ARM.Deploy.0 = Release|Any CPU
		{49D22137-0F27-4979-B1A4-BC7766D6E1DC}.Release|iPhone.ActiveCfg = Release|Any CPU
		{49D22137-0F27-4979-B1A4-BC7766D6E1DC}.Release|iPhone.Build.0 = Release|Any CPU
		{49D22137-0F27-4979-B1A4-BC7766D6E1DC}.Release|iPhone.Deploy.0 = Release|Any CPU
		{49D22137-0F27-4979-B1A4-BC7766D6E1DC}.Release|iPhoneSimulator.ActiveCfg = Release|Any CPU
		{49D22137-0F27-4979-B1A4-BC7766D6E1DC}.Release|iPhoneSimulator.Build.0 = Release|Any CPU
		{49D22137-0F27-4979-B1A4-BC7766D6E1DC}.Release|iPhoneSimulator.Deploy.0 = Release|Any CPU
		{49D22137-0F27-4979-B1A4-BC7766D6E1DC}.Release|x64.ActiveCfg = Release|Any CPU
		{49D22137-0F27-4979-B1A4-BC7766D6E1DC}.Release|x64.Build.0 = Release|Any CPU
		{49D22137-0F27-4979-B1A4-BC7766D6E1DC}.Release|x64.Deploy.0 = Release|Any CPU
		{49D22137-0F27-4979-B1A4-BC7766D6E1DC}.Release|x86.ActiveCfg = Release|Any CPU
		{49D22137-0F27-4979-B1A4-BC7766D6E1DC}.Release|x86.Build.0 = Release|Any CPU
		{49D22137-0F27-4979-B1A4-BC7766D6E1DC}.Release|x86.Deploy.0 = Release|Any CPU
		{1411CF03-7636-464A-8920-38E2216FFE27}.Ad-Hoc|Any CPU.ActiveCfg = Ad-Hoc|iPhone
		{1411CF03-7636-464A-8920-38E2216FFE27}.Ad-Hoc|Any CPU.Build.0 = Ad-Hoc|iPhone
		{1411CF03-7636-464A-8920-38E2216FFE27}.Ad-Hoc|Any CPU.Deploy.0 = Ad-Hoc|iPhone
		{1411CF03-7636-464A-8920-38E2216FFE27}.Ad-Hoc|ARM.ActiveCfg = Ad-Hoc|iPhone
		{1411CF03-7636-464A-8920-38E2216FFE27}.Ad-Hoc|ARM.Build.0 = Ad-Hoc|iPhone
		{1411CF03-7636-464A-8920-38E2216FFE27}.Ad-Hoc|ARM.Deploy.0 = Ad-Hoc|iPhone
		{1411CF03-7636-464A-8920-38E2216FFE27}.Ad-Hoc|iPhone.ActiveCfg = Ad-Hoc|iPhone
		{1411CF03-7636-464A-8920-38E2216FFE27}.Ad-Hoc|iPhone.Build.0 = Ad-Hoc|iPhone
		{1411CF03-7636-464A-8920-38E2216FFE27}.Ad-Hoc|iPhone.Deploy.0 = Ad-Hoc|iPhone
		{1411CF03-7636-464A-8920-38E2216FFE27}.Ad-Hoc|iPhoneSimulator.ActiveCfg = Ad-Hoc|iPhoneSimulator
		{1411CF03-7636-464A-8920-38E2216FFE27}.Ad-Hoc|iPhoneSimulator.Build.0 = Ad-Hoc|iPhoneSimulator
		{1411CF03-7636-464A-8920-38E2216FFE27}.Ad-Hoc|iPhoneSimulator.Deploy.0 = Ad-Hoc|iPhoneSimulator
		{1411CF03-7636-464A-8920-38E2216FFE27}.Ad-Hoc|x64.ActiveCfg = Ad-Hoc|iPhone
		{1411CF03-7636-464A-8920-38E2216FFE27}.Ad-Hoc|x64.Build.0 = Ad-Hoc|iPhone
		{1411CF03-7636-464A-8920-38E2216FFE27}.Ad-Hoc|x64.Deploy.0 = Ad-Hoc|iPhone
		{1411CF03-7636-464A-8920-38E2216FFE27}.Ad-Hoc|x86.ActiveCfg = Ad-Hoc|iPhone
		{1411CF03-7636-464A-8920-38E2216FFE27}.Ad-Hoc|x86.Build.0 = Ad-Hoc|iPhone
		{1411CF03-7636-464A-8920-38E2216FFE27}.Ad-Hoc|x86.Deploy.0 = Ad-Hoc|iPhone
		{1411CF03-7636-464A-8920-38E2216FFE27}.AppStore|Any CPU.ActiveCfg = AppStore|iPhone
		{1411CF03-7636-464A-8920-38E2216FFE27}.AppStore|Any CPU.Build.0 = AppStore|iPhone
		{1411CF03-7636-464A-8920-38E2216FFE27}.AppStore|Any CPU.Deploy.0 = AppStore|iPhone
		{1411CF03-7636-464A-8920-38E2216FFE27}.AppStore|ARM.ActiveCfg = AppStore|iPhone
		{1411CF03-7636-464A-8920-38E2216FFE27}.AppStore|ARM.Build.0 = AppStore|iPhone
		{1411CF03-7636-464A-8920-38E2216FFE27}.AppStore|ARM.Deploy.0 = AppStore|iPhone
		{1411CF03-7636-464A-8920-38E2216FFE27}.AppStore|iPhone.ActiveCfg = AppStore|iPhone
		{1411CF03-7636-464A-8920-38E2216FFE27}.AppStore|iPhone.Build.0 = AppStore|iPhone
		{1411CF03-7636-464A-8920-38E2216FFE27}.AppStore|iPhone.Deploy.0 = AppStore|iPhone
		{1411CF03-7636-464A-8920-38E2216FFE27}.AppStore|iPhoneSimulator.ActiveCfg = AppStore|iPhoneSimulator
		{1411CF03-7636-464A-8920-38E2216FFE27}.AppStore|iPhoneSimulator.Build.0 = AppStore|iPhoneSimulator
		{1411CF03-7636-464A-8920-38E2216FFE27}.AppStore|iPhoneSimulator.Deploy.0 = AppStore|iPhoneSimulator
		{1411CF03-7636-464A-8920-38E2216FFE27}.AppStore|x64.ActiveCfg = AppStore|iPhone
		{1411CF03-7636-464A-8920-38E2216FFE27}.AppStore|x64.Build.0 = AppStore|iPhone
		{1411CF03-7636-464A-8920-38E2216FFE27}.AppStore|x64.Deploy.0 = AppStore|iPhone
		{1411CF03-7636-464A-8920-38E2216FFE27}.AppStore|x86.ActiveCfg = AppStore|iPhone
		{1411CF03-7636-464A-8920-38E2216FFE27}.AppStore|x86.Build.0 = AppStore|iPhone
		{1411CF03-7636-464A-8920-38E2216FFE27}.AppStore|x86.Deploy.0 = AppStore|iPhone
		{1411CF03-7636-464A-8920-38E2216FFE27}.Debug|Any CPU.ActiveCfg = Debug|iPhoneSimulator
		{1411CF03-7636-464A-8920-38E2216FFE27}.Debug|Any CPU.Build.0 = Debug|iPhoneSimulator
		{1411CF03-7636-464A-8920-38E2216FFE27}.Debug|Any CPU.Deploy.0 = Debug|iPhoneSimulator
		{1411CF03-7636-464A-8920-38E2216FFE27}.Debug|ARM.ActiveCfg = Debug|iPhone
		{1411CF03-7636-464A-8920-38E2216FFE27}.Debug|ARM.Build.0 = Debug|iPhone
		{1411CF03-7636-464A-8920-38E2216FFE27}.Debug|ARM.Deploy.0 = Debug|iPhone
		{1411CF03-7636-464A-8920-38E2216FFE27}.Debug|iPhone.ActiveCfg = Debug|iPhone
		{1411CF03-7636-464A-8920-38E2216FFE27}.Debug|iPhone.Build.0 = Debug|iPhone
		{1411CF03-7636-464A-8920-38E2216FFE27}.Debug|iPhone.Deploy.0 = Debug|iPhone
		{1411CF03-7636-464A-8920-38E2216FFE27}.Debug|iPhoneSimulator.ActiveCfg = Debug|iPhoneSimulator
		{1411CF03-7636-464A-8920-38E2216FFE27}.Debug|iPhoneSimulator.Build.0 = Debug|iPhoneSimulator
		{1411CF03-7636-464A-8920-38E2216FFE27}.Debug|iPhoneSimulator.Deploy.0 = Debug|iPhoneSimulator
		{1411CF03-7636-464A-8920-38E2216FFE27}.Debug|x64.ActiveCfg = Debug|iPhone
		{1411CF03-7636-464A-8920-38E2216FFE27}.Debug|x64.Build.0 = Debug|iPhone
		{1411CF03-7636-464A-8920-38E2216FFE27}.Debug|x64.Deploy.0 = Debug|iPhone
		{1411CF03-7636-464A-8920-38E2216FFE27}.Debug|x86.ActiveCfg = Debug|iPhone
		{1411CF03-7636-464A-8920-38E2216FFE27}.Debug|x86.Build.0 = Debug|iPhone
		{1411CF03-7636-464A-8920-38E2216FFE27}.Debug|x86.Deploy.0 = Debug|iPhone
		{1411CF03-7636-464A-8920-38E2216FFE27}.Release|Any CPU.ActiveCfg = Release|iPhone
		{1411CF03-7636-464A-8920-38E2216FFE27}.Release|Any CPU.Build.0 = Release|iPhone
		{1411CF03-7636-464A-8920-38E2216FFE27}.Release|Any CPU.Deploy.0 = Release|iPhone
		{1411CF03-7636-464A-8920-38E2216FFE27}.Release|ARM.ActiveCfg = Release|iPhone
		{1411CF03-7636-464A-8920-38E2216FFE27}.Release|ARM.Build.0 = Release|iPhone
		{1411CF03-7636-464A-8920-38E2216FFE27}.Release|ARM.Deploy.0 = Release|iPhone
		{1411CF03-7636-464A-8920-38E2216FFE27}.Release|iPhone.ActiveCfg = Release|iPhone
		{1411CF03-7636-464A-8920-38E2216FFE27}.Release|iPhone.Build.0 = Release|iPhone
		{1411CF03-7636-464A-8920-38E2216FFE27}.Release|iPhone.Deploy.0 = Release|iPhone
		{1411CF03-7636-464A-8920-38E2216FFE27}.Release|iPhoneSimulator.ActiveCfg = Release|iPhoneSimulator
		{1411CF03-7636-464A-8920-38E2216FFE27}.Release|iPhoneSimulator.Build.0 = Release|iPhoneSimulator
		{1411CF03-7636-464A-8920-38E2216FFE27}.Release|iPhoneSimulator.Deploy.0 = Release|iPhoneSimulator
		{1411CF03-7636-464A-8920-38E2216FFE27}.Release|x64.ActiveCfg = Release|iPhone
		{1411CF03-7636-464A-8920-38E2216FFE27}.Release|x64.Build.0 = Release|iPhone
		{1411CF03-7636-464A-8920-38E2216FFE27}.Release|x64.Deploy.0 = Release|iPhone
		{1411CF03-7636-464A-8920-38E2216FFE27}.Release|x86.ActiveCfg = Release|iPhone
		{1411CF03-7636-464A-8920-38E2216FFE27}.Release|x86.Build.0 = Release|iPhone
		{1411CF03-7636-464A-8920-38E2216FFE27}.Release|x86.Deploy.0 = Release|iPhone
		{0C523734-A304-4227-9889-1585C84E7A53}.Ad-Hoc|Any CPU.ActiveCfg = Release|x86
		{0C523734-A304-4227-9889-1585C84E7A53}.Ad-Hoc|Any CPU.Build.0 = Release|x86
		{0C523734-A304-4227-9889-1585C84E7A53}.Ad-Hoc|Any CPU.Deploy.0 = Release|x86
		{0C523734-A304-4227-9889-1585C84E7A53}.Ad-Hoc|ARM.ActiveCfg = Release|ARM
		{0C523734-A304-4227-9889-1585C84E7A53}.Ad-Hoc|ARM.Build.0 = Release|ARM
		{0C523734-A304-4227-9889-1585C84E7A53}.Ad-Hoc|ARM.Deploy.0 = Release|ARM
		{0C523734-A304-4227-9889-1585C84E7A53}.Ad-Hoc|iPhone.ActiveCfg = Release|x86
		{0C523734-A304-4227-9889-1585C84E7A53}.Ad-Hoc|iPhone.Build.0 = Release|x86
		{0C523734-A304-4227-9889-1585C84E7A53}.Ad-Hoc|iPhone.Deploy.0 = Release|x86
		{0C523734-A304-4227-9889-1585C84E7A53}.Ad-Hoc|iPhoneSimulator.ActiveCfg = Release|x86
		{0C523734-A304-4227-9889-1585C84E7A53}.Ad-Hoc|iPhoneSimulator.Build.0 = Release|x86
		{0C523734-A304-4227-9889-1585C84E7A53}.Ad-Hoc|iPhoneSimulator.Deploy.0 = Release|x86
		{0C523734-A304-4227-9889-1585C84E7A53}.Ad-Hoc|x64.ActiveCfg = Release|x64
		{0C523734-A304-4227-9889-1585C84E7A53}.Ad-Hoc|x64.Build.0 = Release|x64
		{0C523734-A304-4227-9889-1585C84E7A53}.Ad-Hoc|x64.Deploy.0 = Release|x64
		{0C523734-A304-4227-9889-1585C84E7A53}.Ad-Hoc|x86.ActiveCfg = Release|x86
		{0C523734-A304-4227-9889-1585C84E7A53}.Ad-Hoc|x86.Build.0 = Release|x86
		{0C523734-A304-4227-9889-1585C84E7A53}.Ad-Hoc|x86.Deploy.0 = Release|x86
		{0C523734-A304-4227-9889-1585C84E7A53}.AppStore|Any CPU.ActiveCfg = Release|x86
		{0C523734-A304-4227-9889-1585C84E7A53}.AppStore|Any CPU.Build.0 = Release|x86
		{0C523734-A304-4227-9889-1585C84E7A53}.AppStore|Any CPU.Deploy.0 = Release|x86
		{0C523734-A304-4227-9889-1585C84E7A53}.AppStore|ARM.ActiveCfg = Release|ARM
		{0C523734-A304-4227-9889-1585C84E7A53}.AppStore|ARM.Build.0 = Release|ARM
		{0C523734-A304-4227-9889-1585C84E7A53}.AppStore|ARM.Deploy.0 = Release|ARM
		{0C523734-A304-4227-9889-1585C84E7A53}.AppStore|iPhone.ActiveCfg = Release|x86
		{0C523734-A304-4227-9889-1585C84E7A53}.AppStore|iPhone.Build.0 = Release|x86
		{0C523734-A304-4227-9889-1585C84E7A53}.AppStore|iPhone.Deploy.0 = Release|x86
		{0C523734-A304-4227-9889-1585C84E7A53}.AppStore|iPhoneSimulator.ActiveCfg = Release|x86
		{0C523734-A304-4227-9889-1585C84E7A53}.AppStore|iPhoneSimulator.Build.0 = Release|x86
		{0C523734-A304-4227-9889-1585C84E7A53}.AppStore|iPhoneSimulator.Deploy.0 = Release|x86
		{0C523734-A304-4227-9889-1585C84E7A53}.AppStore|x64.ActiveCfg = Release|x64
		{0C523734-A304-4227-9889-1585C84E7A53}.AppStore|x64.Build.0 = Release|x64
		{0C523734-A304-4227-9889-1585C84E7A53}.AppStore|x64.Deploy.0 = Release|x64
		{0C523734-A304-4227-9889-1585C84E7A53}.AppStore|x86.ActiveCfg = Release|x86
		{0C523734-A304-4227-9889-1585C84E7A53}.AppStore|x86.Build.0 = Release|x86
		{0C523734-A304-4227-9889-1585C84E7A53}.AppStore|x86.Deploy.0 = Release|x86
		{0C523734-A304-4227-9889-1585C84E7A53}.Debug|Any CPU.ActiveCfg = Debug|x86
		{0C523734-A304-4227-9889-1585C84E7A53}.Debug|Any CPU.Build.0 = Debug|x86
		{0C523734-A304-4227-9889-1585C84E7A53}.Debug|Any CPU.Deploy.0 = Debug|x86
		{0C523734-A304-4227-9889-1585C84E7A53}.Debug|ARM.ActiveCfg = Debug|ARM
		{0C523734-A304-4227-9889-1585C84E7A53}.Debug|ARM.Build.0 = Debug|ARM
		{0C523734-A304-4227-9889-1585C84E7A53}.Debug|ARM.Deploy.0 = Debug|ARM
		{0C523734-A304-4227-9889-1585C84E7A53}.Debug|iPhone.ActiveCfg = Debug|x86
		{0C523734-A304-4227-9889-1585C84E7A53}.Debug|iPhone.Build.0 = Debug|x86
		{0C523734-A304-4227-9889-1585C84E7A53}.Debug|iPhone.Deploy.0 = Debug|x86
		{0C523734-A304-4227-9889-1585C84E7A53}.Debug|iPhoneSimulator.ActiveCfg = Debug|x86
		{0C523734-A304-4227-9889-1585C84E7A53}.Debug|iPhoneSimulator.Build.0 = Debug|x86
		{0C523734-A304-4227-9889-1585C84E7A53}.Debug|iPhoneSimulator.Deploy.0 = Debug|x86
		{0C523734-A304-4227-9889-1585C84E7A53}.Debug|x64.ActiveCfg = Debug|x64
		{0C523734-A304-4227-9889-1585C84E7A53}.Debug|x64.Build.0 = Debug|x64
		{0C523734-A304-4227-9889-1585C84E7A53}.Debug|x64.Deploy.0 = Debug|x64
		{0C523734-A304-4227-9889-1585C84E7A53}.Debug|x86.ActiveCfg = Debug|x86
		{0C523734-A304-4227-9889-1585C84E7A53}.Debug|x86.Build.0 = Debug|x86
		{0C523734-A304-4227-9889-1585C84E7A53}.Debug|x86.Deploy.0 = Debug|x86
		{0C523734-A304-4227-9889-1585C84E7A53}.Release|Any CPU.ActiveCfg = Release|x86
		{0C523734-A304-4227-9889-1585C84E7A53}.Release|Any CPU.Build.0 = Release|x86
		{0C523734-A304-4227-9889-1585C84E7A53}.Release|Any CPU.Deploy.0 = Release|x86
		{0C523734-A304-4227-9889-1585C84E7A53}.Release|ARM.ActiveCfg = Release|ARM
		{0C523734-A304-4227-9889-1585C84E7A53}.Release|ARM.Build.0 = Release|ARM
		{0C523734-A304-4227-9889-1585C84E7A53}.Release|ARM.Deploy.0 = Release|ARM
		{0C523734-A304-4227-9889-1585C84E7A53}.Release|iPhone.ActiveCfg = Release|x86
		{0C523734-A304-4227-9889-1585C84E7A53}.Release|iPhone.Build.0 = Release|x86
		{0C523734-A304-4227-9889-1585C84E7A53}.Release|iPhone.Deploy.0 = Release|x86
		{0C523734-A304-4227-9889-1585C84E7A53}.Release|iPhoneSimulator.ActiveCfg = Release|x86
		{0C523734-A304-4227-9889-1585C84E7A53}.Release|iPhoneSimulator.Build.0 = Release|x86
		{0C523734-A304-4227-9889-1585C84E7A53}.Release|iPhoneSimulator.Deploy.0 = Release|x86
		{0C523734-A304-4227-9889-1585C84E7A53}.Release|x64.ActiveCfg = Release|x64
		{0C523734-A304-4227-9889-1585C84E7A53}.Release|x64.Build.0 = Release|x64
		{0C523734-A304-4227-9889-1585C84E7A53}.Release|x64.Deploy.0 = Release|x64
		{0C523734-A304-4227-9889-1585C84E7A53}.Release|x86.ActiveCfg = Release|x86
		{0C523734-A304-4227-9889-1585C84E7A53}.Release|x86.Build.0 = Release|x86
		{0C523734-A304-4227-9889-1585C84E7A53}.Release|x86.Deploy.0 = Release|x86
		{A1CB7ECD-474A-4D9C-90FB-2C6C57478165}.Ad-Hoc|Any CPU.ActiveCfg = Debug|Any CPU
		{A1CB7ECD-474A-4D9C-90FB-2C6C57478165}.Ad-Hoc|Any CPU.Build.0 = Debug|Any CPU
		{A1CB7ECD-474A-4D9C-90FB-2C6C57478165}.Ad-Hoc|Any CPU.Deploy.0 = Debug|Any CPU
		{A1CB7ECD-474A-4D9C-90FB-2C6C57478165}.Ad-Hoc|ARM.ActiveCfg = Debug|Any CPU
		{A1CB7ECD-474A-4D9C-90FB-2C6C57478165}.Ad-Hoc|ARM.Build.0 = Debug|Any CPU
		{A1CB7ECD-474A-4D9C-90FB-2C6C57478165}.Ad-Hoc|ARM.Deploy.0 = Debug|Any CPU
		{A1CB7ECD-474A-4D9C-90FB-2C6C57478165}.Ad-Hoc|iPhone.ActiveCfg = Debug|Any CPU
		{A1CB7ECD-474A-4D9C-90FB-2C6C57478165}.Ad-Hoc|iPhone.Build.0 = Debug|Any CPU
		{A1CB7ECD-474A-4D9C-90FB-2C6C57478165}.Ad-Hoc|iPhone.Deploy.0 = Debug|Any CPU
		{A1CB7ECD-474A-4D9C-90FB-2C6C57478165}.Ad-Hoc|iPhoneSimulator.ActiveCfg = Debug|Any CPU
		{A1CB7ECD-474A-4D9C-90FB-2C6C57478165}.Ad-Hoc|iPhoneSimulator.Build.0 = Debug|Any CPU
		{A1CB7ECD-474A-4D9C-90FB-2C6C57478165}.Ad-Hoc|iPhoneSimulator.Deploy.0 = Debug|Any CPU
		{A1CB7ECD-474A-4D9C-90FB-2C6C57478165}.Ad-Hoc|x64.ActiveCfg = Debug|Any CPU
		{A1CB7ECD-474A-4D9C-90FB-2C6C57478165}.Ad-Hoc|x64.Build.0 = Debug|Any CPU
		{A1CB7ECD-474A-4D9C-90FB-2C6C57478165}.Ad-Hoc|x64.Deploy.0 = Debug|Any CPU
		{A1CB7ECD-474A-4D9C-90FB-2C6C57478165}.Ad-Hoc|x86.ActiveCfg = Debug|Any CPU
		{A1CB7ECD-474A-4D9C-90FB-2C6C57478165}.Ad-Hoc|x86.Build.0 = Debug|Any CPU
		{A1CB7ECD-474A-4D9C-90FB-2C6C57478165}.Ad-Hoc|x86.Deploy.0 = Debug|Any CPU
		{A1CB7ECD-474A-4D9C-90FB-2C6C57478165}.AppStore|Any CPU.ActiveCfg = Debug|Any CPU
		{A1CB7ECD-474A-4D9C-90FB-2C6C57478165}.AppStore|Any CPU.Build.0 = Debug|Any CPU
		{A1CB7ECD-474A-4D9C-90FB-2C6C57478165}.AppStore|Any CPU.Deploy.0 = Debug|Any CPU
		{A1CB7ECD-474A-4D9C-90FB-2C6C57478165}.AppStore|ARM.ActiveCfg = Debug|Any CPU
		{A1CB7ECD-474A-4D9C-90FB-2C6C57478165}.AppStore|ARM.Build.0 = Debug|Any CPU
		{A1CB7ECD-474A-4D9C-90FB-2C6C57478165}.AppStore|ARM.Deploy.0 = Debug|Any CPU
		{A1CB7ECD-474A-4D9C-90FB-2C6C57478165}.AppStore|iPhone.ActiveCfg = Debug|Any CPU
		{A1CB7ECD-474A-4D9C-90FB-2C6C57478165}.AppStore|iPhone.Build.0 = Debug|Any CPU
		{A1CB7ECD-474A-4D9C-90FB-2C6C57478165}.AppStore|iPhone.Deploy.0 = Debug|Any CPU
		{A1CB7ECD-474A-4D9C-90FB-2C6C57478165}.AppStore|iPhoneSimulator.ActiveCfg = Debug|Any CPU
		{A1CB7ECD-474A-4D9C-90FB-2C6C57478165}.AppStore|iPhoneSimulator.Build.0 = Debug|Any CPU
		{A1CB7ECD-474A-4D9C-90FB-2C6C57478165}.AppStore|iPhoneSimulator.Deploy.0 = Debug|Any CPU
		{A1CB7ECD-474A-4D9C-90FB-2C6C57478165}.AppStore|x64.ActiveCfg = Debug|Any CPU
		{A1CB7ECD-474A-4D9C-90FB-2C6C57478165}.AppStore|x64.Build.0 = Debug|Any CPU
		{A1CB7ECD-474A-4D9C-90FB-2C6C57478165}.AppStore|x64.Deploy.0 = Debug|Any CPU
		{A1CB7ECD-474A-4D9C-90FB-2C6C57478165}.AppStore|x86.ActiveCfg = Debug|Any CPU
		{A1CB7ECD-474A-4D9C-90FB-2C6C57478165}.AppStore|x86.Build.0 = Debug|Any CPU
		{A1CB7ECD-474A-4D9C-90FB-2C6C57478165}.AppStore|x86.Deploy.0 = Debug|Any CPU
		{A1CB7ECD-474A-4D9C-90FB-2C6C57478165}.Debug|Any CPU.ActiveCfg = Debug|Any CPU
		{A1CB7ECD-474A-4D9C-90FB-2C6C57478165}.Debug|Any CPU.Build.0 = Debug|Any CPU
		{A1CB7ECD-474A-4D9C-90FB-2C6C57478165}.Debug|Any CPU.Deploy.0 = Debug|Any CPU
		{A1CB7ECD-474A-4D9C-90FB-2C6C57478165}.Debug|ARM.ActiveCfg = Debug|Any CPU
		{A1CB7ECD-474A-4D9C-90FB-2C6C57478165}.Debug|ARM.Build.0 = Debug|Any CPU
		{A1CB7ECD-474A-4D9C-90FB-2C6C57478165}.Debug|ARM.Deploy.0 = Debug|Any CPU
		{A1CB7ECD-474A-4D9C-90FB-2C6C57478165}.Debug|iPhone.ActiveCfg = Debug|Any CPU
		{A1CB7ECD-474A-4D9C-90FB-2C6C57478165}.Debug|iPhone.Build.0 = Debug|Any CPU
		{A1CB7ECD-474A-4D9C-90FB-2C6C57478165}.Debug|iPhone.Deploy.0 = Debug|Any CPU
		{A1CB7ECD-474A-4D9C-90FB-2C6C57478165}.Debug|iPhoneSimulator.ActiveCfg = Debug|Any CPU
		{A1CB7ECD-474A-4D9C-90FB-2C6C57478165}.Debug|iPhoneSimulator.Build.0 = Debug|Any CPU
		{A1CB7ECD-474A-4D9C-90FB-2C6C57478165}.Debug|iPhoneSimulator.Deploy.0 = Debug|Any CPU
		{A1CB7ECD-474A-4D9C-90FB-2C6C57478165}.Debug|x64.ActiveCfg = Debug|Any CPU
		{A1CB7ECD-474A-4D9C-90FB-2C6C57478165}.Debug|x64.Build.0 = Debug|Any CPU
		{A1CB7ECD-474A-4D9C-90FB-2C6C57478165}.Debug|x64.Deploy.0 = Debug|Any CPU
		{A1CB7ECD-474A-4D9C-90FB-2C6C57478165}.Debug|x86.ActiveCfg = Debug|Any CPU
		{A1CB7ECD-474A-4D9C-90FB-2C6C57478165}.Debug|x86.Build.0 = Debug|Any CPU
		{A1CB7ECD-474A-4D9C-90FB-2C6C57478165}.Debug|x86.Deploy.0 = Debug|Any CPU
		{A1CB7ECD-474A-4D9C-90FB-2C6C57478165}.Release|Any CPU.ActiveCfg = Release|Any CPU
		{A1CB7ECD-474A-4D9C-90FB-2C6C57478165}.Release|Any CPU.Build.0 = Release|Any CPU
		{A1CB7ECD-474A-4D9C-90FB-2C6C57478165}.Release|Any CPU.Deploy.0 = Release|Any CPU
		{A1CB7ECD-474A-4D9C-90FB-2C6C57478165}.Release|ARM.ActiveCfg = Release|Any CPU
		{A1CB7ECD-474A-4D9C-90FB-2C6C57478165}.Release|ARM.Build.0 = Release|Any CPU
		{A1CB7ECD-474A-4D9C-90FB-2C6C57478165}.Release|ARM.Deploy.0 = Release|Any CPU
		{A1CB7ECD-474A-4D9C-90FB-2C6C57478165}.Release|iPhone.ActiveCfg = Release|Any CPU
		{A1CB7ECD-474A-4D9C-90FB-2C6C57478165}.Release|iPhone.Build.0 = Release|Any CPU
		{A1CB7ECD-474A-4D9C-90FB-2C6C57478165}.Release|iPhone.Deploy.0 = Release|Any CPU
		{A1CB7ECD-474A-4D9C-90FB-2C6C57478165}.Release|iPhoneSimulator.ActiveCfg = Release|Any CPU
		{A1CB7ECD-474A-4D9C-90FB-2C6C57478165}.Release|iPhoneSimulator.Build.0 = Release|Any CPU
		{A1CB7ECD-474A-4D9C-90FB-2C6C57478165}.Release|iPhoneSimulator.Deploy.0 = Release|Any CPU
		{A1CB7ECD-474A-4D9C-90FB-2C6C57478165}.Release|x64.ActiveCfg = Release|Any CPU
		{A1CB7ECD-474A-4D9C-90FB-2C6C57478165}.Release|x64.Build.0 = Release|Any CPU
		{A1CB7ECD-474A-4D9C-90FB-2C6C57478165}.Release|x64.Deploy.0 = Release|Any CPU
		{A1CB7ECD-474A-4D9C-90FB-2C6C57478165}.Release|x86.ActiveCfg = Release|Any CPU
		{A1CB7ECD-474A-4D9C-90FB-2C6C57478165}.Release|x86.Build.0 = Release|Any CPU
		{A1CB7ECD-474A-4D9C-90FB-2C6C57478165}.Release|x86.Deploy.0 = Release|Any CPU
	EndGlobalSection
	GlobalSection(SolutionProperties) = preSolution
		HideSolutionNode = FALSE
	EndGlobalSection
	GlobalSection(ExtensibilityGlobals) = postSolution
		SolutionGuid = {2B537EA7-A6F5-44B0-8B99-4CF8954A5DBA}
	EndGlobalSection
EndGlobal
